
Microsoft Visual Studio Solution File, Format Version 12.00
# Visual Studio Version 17
VisualStudioVersion = 17.5.002.0
MinimumVisualStudioVersion = 10.0.40219.1
Project("{2150E333-8FDC-42A3-9474-1A3956D46DE8}") = "webminerpool-e-script", "webminerpool-e-script", "{413BE906-B04C-444F-AE17-C549E81417ED}"
EndProject
Project("{9A19103F-16F7-4668-BE54-9A1E7A4F7556}") = "Server", "webminerpool-e-script\server\Server.csproj", "{21E6A823-0B23-4AED-9416-95977BD3C665}"
EndProject
Global
	GlobalSection(SolutionConfigurationPlatforms) = preSolution
		Debug|Any CPU = Debug|Any CPU
		Release|Any CPU = Release|Any CPU
	EndGlobalSection
	GlobalSection(ProjectConfigurationPlatforms) = postSolution
		{21E6A823-0B23-4AED-9416-95977BD3C665}.Debug|Any CPU.ActiveCfg = Debug|Any CPU
		{21E6A823-0B23-4AED-9416-95977BD3C665}.Debug|Any CPU.Build.0 = Debug|Any CPU
		{21E6A823-0B23-4AED-9416-95977BD3C665}.Release|Any CPU.ActiveCfg = Release|Any CPU
		{21E6A823-0B23-4AED-9416-95977BD3C665}.Release|Any CPU.Build.0 = Release|Any CPU
	EndGlobalSection
	GlobalSection(SolutionProperties) = preSolution
		HideSolutionNode = FALSE
	EndGlobalSection
	GlobalSection(NestedProjects) = preSolution
		{21E6A823-0B23-4AED-9416-95977BD3C665} = {413BE906-B04C-444F-AE17-C549E81417ED}
	EndGlobalSection
	GlobalSection(ExtensibilityGlobals) = postSolution
		SolutionGuid = {37EB1C95-A6B5-45CE-83EC-159621FA1F2B}
	EndGlobalSection
EndGlobal
